{
  "name": "eng-growth",
  "version": "0.0.1",
  "lockfileVersion": 3,
  "requires": true,
  "packages": {
    "": {
      "name": "eng-growth",
      "version": "0.0.1",
      "license": "MIT",
      "dependencies": {
        "@types/node": "^22.7.4",
        "@types/react": "^18.3.10",
        "d3": "^4.11.0",
        "next": "^14.2.13",
        "react": "^18.3.1",
        "react-dom": "^18.3.1",
        "typescript": "^5.6.2"
      },
      "devDependencies": {
        "flow-bin": "^0.57.2"
      }
    },
    "node_modules/@next/env": {
      "version": "14.2.13",
      "resolved": "https://registry.npmjs.org/@next/env/-/env-14.2.13.tgz",
      "integrity": "sha512-s3lh6K8cbW1h5Nga7NNeXrbe0+2jIIYK9YaA9T7IufDWnZpozdFUp6Hf0d5rNWUKu4fEuSX2rCKlGjCrtylfDw=="
    },
    "node_modules/@next/swc-darwin-arm64": {
      "version": "14.2.13",
      "resolved": "https://registry.npmjs.org/@next/swc-darwin-arm64/-/swc-darwin-arm64-14.2.13.tgz",
      "integrity": "sha512-IkAmQEa2Htq+wHACBxOsslt+jMoV3msvxCn0WFSfJSkv/scy+i/EukBKNad36grRxywaXUYJc9mxEGkeIs8Bzg==",
      "cpu": [
        "arm64"
      ],
      "optional": true,
      "os": [
        "darwin"
      ],
      "engines": {
        "node": ">= 10"
      }
    },
    "node_modules/@next/swc-darwin-x64": {
      "version": "14.2.13",
      "resolved": "https://registry.npmjs.org/@next/swc-darwin-x64/-/swc-darwin-x64-14.2.13.tgz",
      "integrity": "sha512-Dv1RBGs2TTjkwEnFMVL5XIfJEavnLqqwYSD6LXgTPdEy/u6FlSrLBSSfe1pcfqhFEXRAgVL3Wpjibe5wXJzWog==",
      "cpu": [
        "x64"
      ],
      "optional": true,
      "os": [
        "darwin"
      ],
      "engines": {
        "node": ">= 10"
      }
    },
    "node_modules/@next/swc-linux-arm64-gnu": {
      "version": "14.2.13",
      "resolved": "https://registry.npmjs.org/@next/swc-linux-arm64-gnu/-/swc-linux-arm64-gnu-14.2.13.tgz",
      "integrity": "sha512-yB1tYEFFqo4ZNWkwrJultbsw7NPAAxlPXURXioRl9SdW6aIefOLS+0TEsKrWBtbJ9moTDgU3HRILL6QBQnMevg==",
      "cpu": [
        "arm64"
      ],
      "optional": true,
      "os": [
        "linux"
      ],
      "engines": {
        "node": ">= 10"
      }
    },
    "node_modules/@next/swc-linux-arm64-musl": {
      "version": "14.2.13",
      "resolved": "https://registry.npmjs.org/@next/swc-linux-arm64-musl/-/swc-linux-arm64-musl-14.2.13.tgz",
      "integrity": "sha512-v5jZ/FV/eHGoWhMKYrsAweQ7CWb8xsWGM/8m1mwwZQ/sutJjoFaXchwK4pX8NqwImILEvQmZWyb8pPTcP7htWg==",
      "cpu": [
        "arm64"
      ],
      "optional": true,
      "os": [
        "linux"
      ],
      "engines": {
        "node": ">= 10"
      }
    },
    "node_modules/@next/swc-linux-x64-gnu": {
      "version": "14.2.13",
      "resolved": "https://registry.npmjs.org/@next/swc-linux-x64-gnu/-/swc-linux-x64-gnu-14.2.13.tgz",
      "integrity": "sha512-aVc7m4YL7ViiRv7SOXK3RplXzOEe/qQzRA5R2vpXboHABs3w8vtFslGTz+5tKiQzWUmTmBNVW0UQdhkKRORmGA==",
      "cpu": [
        "x64"
      ],
      "optional": true,
      "os": [
        "linux"
      ],
      "engines": {
        "node": ">= 10"
      }
    },
    "node_modules/@next/swc-linux-x64-musl": {
      "version": "14.2.13",
      "resolved": "https://registry.npmjs.org/@next/swc-linux-x64-musl/-/swc-linux-x64-musl-14.2.13.tgz",
      "integrity": "sha512-4wWY7/OsSaJOOKvMsu1Teylku7vKyTuocvDLTZQq0TYv9OjiYYWt63PiE1nTuZnqQ4RPvME7Xai+9enoiN0Wrg==",
      "cpu": [
        "x64"
      ],
      "optional": true,
      "os": [
        "linux"
      ],
      "engines": {
        "node": ">= 10"
      }
    },
    "node_modules/@next/swc-win32-arm64-msvc": {
      "version": "14.2.13",
      "resolved": "https://registry.npmjs.org/@next/swc-win32-arm64-msvc/-/swc-win32-arm64-msvc-14.2.13.tgz",
      "integrity": "sha512-uP1XkqCqV2NVH9+g2sC7qIw+w2tRbcMiXFEbMihkQ8B1+V6m28sshBwAB0SDmOe0u44ne1vFU66+gx/28RsBVQ==",
      "cpu": [
        "arm64"
      ],
      "optional": true,
      "os": [
        "win32"
      ],
      "engines": {
        "node": ">= 10"
      }
    },
    "node_modules/@next/swc-win32-ia32-msvc": {
      "version": "14.2.13",
      "resolved": "https://registry.npmjs.org/@next/swc-win32-ia32-msvc/-/swc-win32-ia32-msvc-14.2.13.tgz",
      "integrity": "sha512-V26ezyjPqQpDBV4lcWIh8B/QICQ4v+M5Bo9ykLN+sqeKKBxJVDpEc6biDVyluTXTC40f5IqCU0ttth7Es2ZuMw==",
      "cpu": [
        "ia32"
      ],
      "optional": true,
      "os": [
        "win32"
      ],
      "engines": {
        "node": ">= 10"
      }
    },
    "node_modules/@next/swc-win32-x64-msvc": {
      "version": "14.2.13",
      "resolved": "https://registry.npmjs.org/@next/swc-win32-x64-msvc/-/swc-win32-x64-msvc-14.2.13.tgz",
      "integrity": "sha512-WwzOEAFBGhlDHE5Z73mNU8CO8mqMNLqaG+AO9ETmzdCQlJhVtWZnOl2+rqgVQS+YHunjOWptdFmNfbpwcUuEsw==",
      "cpu": [
        "x64"
      ],
      "optional": true,
      "os": [
        "win32"
      ],
      "engines": {
        "node": ">= 10"
      }
    },
    "node_modules/@swc/counter": {
      "version": "0.1.3",
      "resolved": "https://registry.npmjs.org/@swc/counter/-/counter-0.1.3.tgz",
      "integrity": "sha512-e2BR4lsJkkRlKZ/qCHPw9ZaSxc0MVUd7gtbtaB7aMvHeJVYe8sOB8DBZkP2DtISHGSku9sCK6T6cnY0CtXrOCQ=="
    },
    "node_modules/@swc/helpers": {
      "version": "0.5.5",
      "resolved": "https://registry.npmjs.org/@swc/helpers/-/helpers-0.5.5.tgz",
      "integrity": "sha512-KGYxvIOXcceOAbEk4bi/dVLEK9z8sZ0uBB3Il5b1rhfClSpcX0yfRO0KmTkqR2cnQDymwLB+25ZyMzICg/cm/A==",
      "dependencies": {
        "@swc/counter": "^0.1.3",
        "tslib": "^2.4.0"
      }
    },
    "node_modules/@types/node": {
      "version": "22.7.4",
      "resolved": "https://registry.npmjs.org/@types/node/-/node-22.7.4.tgz",
      "integrity": "sha512-y+NPi1rFzDs1NdQHHToqeiX2TIS79SWEAw9GYhkkx8bD0ChpfqC+n2j5OXOCpzfojBEBt6DnEnnG9MY0zk1XLg==",
      "dependencies": {
        "undici-types": "~6.19.2"
      }
    },
    "node_modules/@types/prop-types": {
      "version": "15.7.13",
      "resolved": "https://registry.npmjs.org/@types/prop-types/-/prop-types-15.7.13.tgz",
      "integrity": "sha512-hCZTSvwbzWGvhqxp/RqVqwU999pBf2vp7hzIjiYOsl8wqOmUxkQ6ddw1cV3l8811+kdUFus/q4d1Y3E3SyEifA=="
    },
    "node_modules/@types/react": {
      "version": "18.3.10",
      "resolved": "https://registry.npmjs.org/@types/react/-/react-18.3.10.tgz",
      "integrity": "sha512-02sAAlBnP39JgXwkAq3PeU9DVaaGpZyF3MGcC0MKgQVkZor5IiiDAipVaxQHtDJAmO4GIy/rVBy/LzVj76Cyqg==",
      "dependencies": {
        "@types/prop-types": "*",
        "csstype": "^3.0.2"
      }
    },
    "node_modules/busboy": {
      "version": "1.6.0",
      "resolved": "https://registry.npmjs.org/busboy/-/busboy-1.6.0.tgz",
      "integrity": "sha512-8SFQbg/0hQ9xy3UNTB0YEnsNBbWfhf7RtnzpL7TkBiTBRfrQ9Fxcnz7VJsleJpyp6rVLvXiuORqjlHi5q+PYuA==",
      "dependencies": {
        "streamsearch": "^1.1.0"
      },
      "engines": {
        "node": ">=10.16.0"
      }
    },
    "node_modules/caniuse-lite": {
      "version": "1.0.30001664",
      "resolved": "https://registry.npmjs.org/caniuse-lite/-/caniuse-lite-1.0.30001664.tgz",
      "integrity": "sha512-AmE7k4dXiNKQipgn7a2xg558IRqPN3jMQY/rOsbxDhrd0tyChwbITBfiwtnqz8bi2M5mIWbxAYBvk7W7QBUS2g==",
      "funding": [
        {
          "type": "opencollective",
          "url": "https://opencollective.com/browserslist"
        },
        {
          "type": "tidelift",
          "url": "https://tidelift.com/funding/github/npm/caniuse-lite"
        },
        {
          "type": "github",
          "url": "https://github.com/sponsors/ai"
        }
      ]
    },
    "node_modules/client-only": {
      "version": "0.0.1",
      "resolved": "https://registry.npmjs.org/client-only/-/client-only-0.0.1.tgz",
      "integrity": "sha512-IV3Ou0jSMzZrd3pZ48nLkT9DA7Ag1pnPzaiQhpW7c3RbcqqzvzzVu+L8gfqMp/8IM2MQtSiqaCxrrcfu8I8rMA=="
    },
    "node_modules/commander": {
      "version": "2.11.0",
      "resolved": "https://registry.npmjs.org/commander/-/commander-2.11.0.tgz",
      "integrity": "sha512-b0553uYA5YAEGgyYIGYROzKQ7X5RAqedkfjiZxwi0kL1g3bOaBNNZfYkzt/CL0umgD5wc9Jec2FbB98CjkMRvQ=="
    },
    "node_modules/csstype": {
      "version": "3.1.3",
      "resolved": "https://registry.npmjs.org/csstype/-/csstype-3.1.3.tgz",
      "integrity": "sha512-M1uQkMl8rQK/szD0LNhtqxIPLpimGm8sOBwU7lLnCpSbTyY3yeU1Vc7l4KT5zT4s/yOxHH5O7tIuuLOCnLADRw=="
    },
    "node_modules/d3": {
      "version": "4.11.0",
      "resolved": "https://registry.npmjs.org/d3/-/d3-4.11.0.tgz",
      "integrity": "sha512-o048nfmydnbt0ciIvCUDTq9p62rZYOXzl8cKps0XVzk+5nHgeXmAS7jU4nh+3v82pUyH7t/GFm1bJRX4oIAlPw==",
      "dependencies": {
        "d3-array": "1.2.1",
        "d3-axis": "1.0.8",
        "d3-brush": "1.0.4",
        "d3-chord": "1.0.4",
        "d3-collection": "1.0.4",
        "d3-color": "1.0.3",
        "d3-dispatch": "1.0.3",
        "d3-drag": "1.2.1",
        "d3-dsv": "1.0.7",
        "d3-ease": "1.0.3",
        "d3-force": "1.1.0",
        "d3-format": "1.2.0",
        "d3-geo": "1.8.1",
        "d3-hierarchy": "1.1.5",
        "d3-interpolate": "1.1.5",
        "d3-path": "1.0.5",
        "d3-polygon": "1.0.3",
        "d3-quadtree": "1.0.3",
        "d3-queue": "3.0.7",
        "d3-random": "1.1.0",
        "d3-request": "1.0.6",
        "d3-scale": "1.0.6",
        "d3-selection": "1.1.0",
        "d3-shape": "1.2.0",
        "d3-time": "1.0.7",
        "d3-time-format": "2.0.5",
        "d3-timer": "1.0.7",
        "d3-transition": "1.1.0",
        "d3-voronoi": "1.1.2",
        "d3-zoom": "1.6.0"
      }
    },
    "node_modules/d3-array": {
      "version": "1.2.1",
      "resolved": "https://registry.npmjs.org/d3-array/-/d3-array-1.2.1.tgz",
      "integrity": "sha512-CyINJQ0SOUHojDdFDH4JEM0552vCR1utGyLHegJHyYH0JyCpSeTPxi4OBqHMA2jJZq4NH782LtaJWBImqI/HBw=="
    },
    "node_modules/d3-axis": {
      "version": "1.0.8",
      "resolved": "https://registry.npmjs.org/d3-axis/-/d3-axis-1.0.8.tgz",
      "integrity": "sha512-K0djTb26iQ6AsuD2d6Ka08wBHf4V30awIxV4XFuB/iLzYtTqqJlE/nIN0DBJJCX7lbOqbt2/oeX3r+sU5k2veg=="
    },
    "node_modules/d3-brush": {
      "version": "1.0.4",
      "resolved": "https://registry.npmjs.org/d3-brush/-/d3-brush-1.0.4.tgz",
      "integrity": "sha512-nUFueDzOlvwFvuOBynGSyJM7Wt1H9fKgJeoWFSg3ScS4c7FJBch92FKUJKum4xtgPYHdgH2C3bRg3GzSVltCJQ==",
      "dependencies": {
        "d3-dispatch": "1",
        "d3-drag": "1",
        "d3-interpolate": "1",
        "d3-selection": "1",
        "d3-transition": "1"
      }
    },
    "node_modules/d3-chord": {
      "version": "1.0.4",
      "resolved": "https://registry.npmjs.org/d3-chord/-/d3-chord-1.0.4.tgz",
      "integrity": "sha512-o0ExexkK1N0KikUakKrQwttP5Flu8AYD6iBUh3AdPJqnTh6xlvcX5wFRuuo29sLOAr9+T4yZPUH1S3CCQJ1SlQ==",
      "dependencies": {
        "d3-array": "1",
        "d3-path": "1"
      }
    },
    "node_modules/d3-collection": {
      "version": "1.0.4",
      "resolved": "https://registry.npmjs.org/d3-collection/-/d3-collection-1.0.4.tgz",
      "integrity": "sha512-+TPxaBFzbzfpLF3Hjz8JPeuStNmJnyWAufu8VUfpDCDn5RieIgY+OQDjhKMDorf2naLgAjjZXLUQN7XFp/kgog=="
    },
    "node_modules/d3-color": {
      "version": "1.0.3",
      "resolved": "https://registry.npmjs.org/d3-color/-/d3-color-1.0.3.tgz",
      "integrity": "sha512-t+rSOrshj6m2AUOe8kHvTwfUQ5TFoInEkBfmsHHAHPof58dmbRXNpicB7XAyPbMQbcC7i09p2BxeCEdgBd8xmw=="
    },
    "node_modules/d3-dispatch": {
      "version": "1.0.3",
      "resolved": "https://registry.npmjs.org/d3-dispatch/-/d3-dispatch-1.0.3.tgz",
      "integrity": "sha512-Qh2DR3neW3lq/ug4oymXHYoIsA91nYt47ERb+fPKjRg6zLij06aP7KqHHl2NyziK9ASxrR3GLkHCtZvXe/jMVg=="
    },
    "node_modules/d3-drag": {
      "version": "1.2.1",
      "resolved": "https://registry.npmjs.org/d3-drag/-/d3-drag-1.2.1.tgz",
      "integrity": "sha512-Cg8/K2rTtzxzrb0fmnYOUeZHvwa4PHzwXOLZZPwtEs2SKLLKLXeYwZKBB+DlOxUvFmarOnmt//cU4+3US2lyyQ==",
      "dependencies": {
        "d3-dispatch": "1",
        "d3-selection": "1"
      }
    },
    "node_modules/d3-dsv": {
      "version": "1.0.7",
      "resolved": "https://registry.npmjs.org/d3-dsv/-/d3-dsv-1.0.7.tgz",
      "integrity": "sha512-12szKhDhM/tM5U/Ch3hyJ7sMdcwPqMRmrUWitLLdPBMKO9Wuox95ezKZvemy/fxFbefLF/HIPKUmJMBLLuFDaQ==",
      "dependencies": {
        "commander": "2",
        "iconv-lite": "0.4",
        "rw": "1"
      },
      "bin": {
        "csv2json": "bin/dsv2json",
        "csv2tsv": "bin/dsv2dsv",
        "dsv2dsv": "bin/dsv2dsv",
        "dsv2json": "bin/dsv2json",
        "json2csv": "bin/json2dsv",
        "json2dsv": "bin/json2dsv",
        "json2tsv": "bin/json2dsv",
        "tsv2csv": "bin/dsv2dsv",
        "tsv2json": "bin/dsv2json"
      }
    },
    "node_modules/d3-ease": {
      "version": "1.0.3",
      "resolved": "https://registry.npmjs.org/d3-ease/-/d3-ease-1.0.3.tgz",
      "integrity": "sha512-io3QwOJwVPAxRF2UXpKpCdz2wm/7VLFCQQ1yy+GzX6YCtt3vi2BGnimI8agSF5jyUrHsADyF303d2S+ps7zU8w=="
    },
    "node_modules/d3-force": {
      "version": "1.1.0",
      "resolved": "https://registry.npmjs.org/d3-force/-/d3-force-1.1.0.tgz",
      "integrity": "sha512-2HVQz3/VCQs0QeRNZTYb7GxoUCeb6bOzMp/cGcLa87awY9ZsPvXOGeZm0iaGBjXic6I1ysKwMn+g+5jSAdzwcg==",
      "dependencies": {
        "d3-collection": "1",
        "d3-dispatch": "1",
        "d3-quadtree": "1",
        "d3-timer": "1"
      }
    },
    "node_modules/d3-format": {
      "version": "1.2.0",
      "resolved": "https://registry.npmjs.org/d3-format/-/d3-format-1.2.0.tgz",
      "integrity": "sha512-rWwvQ1mGxY3bnrvN+qT0kVOtrE2kUjgIMoif5jankVHQ31ejeCdG5MIxCTh5KmQ+Vugvq49SgAvC0uD2UOsk9g=="
    },
    "node_modules/d3-geo": {
      "version": "1.8.1",
      "resolved": "https://registry.npmjs.org/d3-geo/-/d3-geo-1.8.1.tgz",
      "integrity": "sha512-PuvmWl1A1UXuaxcH55EGNhvMNAUBS0RQN2PAnxrZbDvDX56Xwkd+Yp1t1+ECkaJO3my+dnhxAyqAKMyyK+IFPQ==",
      "dependencies": {
        "d3-array": "1"
      }
    },
    "node_modules/d3-hierarchy": {
      "version": "1.1.5",
      "resolved": "https://registry.npmjs.org/d3-hierarchy/-/d3-hierarchy-1.1.5.tgz",
      "integrity": "sha512-PcsLIhThc60mWnxlojIOH7Sc0tQ2DgLWfEwEAyzCtej5f3H9wSsRmrg5pEhKZLrwiJnI2zyw/pznJxL9a/Eugw=="
    },
    "node_modules/d3-interpolate": {
      "version": "1.1.5",
      "resolved": "https://registry.npmjs.org/d3-interpolate/-/d3-interpolate-1.1.5.tgz",
      "integrity": "sha512-NY6sXPRRFRXXNUgoeVMnS3TcuS7hIKj7H8ino1u6cljwgoKKLQej8jkjXuoNJp9xYYw4DjLDYzvSsgvvSobSrA==",
      "dependencies": {
        "d3-color": "1"
      }
    },
    "node_modules/d3-path": {
      "version": "1.0.5",
      "resolved": "https://registry.npmjs.org/d3-path/-/d3-path-1.0.5.tgz",
      "integrity": "sha512-eD76prgnTKYkLzHlY2UMyOEZXTpC+WOanCr1BLxo38w4fPPPq/LgCFqRQvqFU3AJngfZmmKR7rgKPZ4EGJ9Atw=="
    },
    "node_modules/d3-polygon": {
      "version": "1.0.3",
      "resolved": "https://registry.npmjs.org/d3-polygon/-/d3-polygon-1.0.3.tgz",
      "integrity": "sha512-2zP7GOvf4XOWTeQouK7fCO534yQxyhYYTw6GTqcXifIalHgA6qV/es+4GRQii9m6XxEPFcht4loobD/o2iEo1A=="
    },
    "node_modules/d3-quadtree": {
      "version": "1.0.3",
      "resolved": "https://registry.npmjs.org/d3-quadtree/-/d3-quadtree-1.0.3.tgz",
      "integrity": "sha512-U2Jc3jF3JOBGXIOnvWY9C4ekRwRX9hEVpMMmeduJyaxAwPmoe7t84iZFTLn1RwYOyrXxJF55H/Hrg186TFQQdw=="
    },
    "node_modules/d3-queue": {
      "version": "3.0.7",
      "resolved": "https://registry.npmjs.org/d3-queue/-/d3-queue-3.0.7.tgz",
      "integrity": "sha512-2rs+6pNFKkrJhqe1rg5znw7dKJ7KZr62j9aLZfhondkrnz6U7VRmJj1UGcbD8MRc46c7H8m4SWhab8EalBQrkw=="
    },
    "node_modules/d3-random": {
      "version": "1.1.0",
      "resolved": "https://registry.npmjs.org/d3-random/-/d3-random-1.1.0.tgz",
      "integrity": "sha512-XuMbjx3Jq4EWfJP4g6nR7zns/bZfaVbWHWfR8auDkEiWCzVbWifmasfszV1ZRN3xXK3nY4RUFL2nTIhceGZSFQ=="
    },
    "node_modules/d3-request": {
      "version": "1.0.6",
      "resolved": "https://registry.npmjs.org/d3-request/-/d3-request-1.0.6.tgz",
      "integrity": "sha512-FJj8ySY6GYuAJHZMaCQ83xEYE4KbkPkmxZ3Hu6zA1xxG2GD+z6P+Lyp+zjdsHf0xEbp2xcluDI50rCS855EQ6w==",
      "dependencies": {
        "d3-collection": "1",
        "d3-dispatch": "1",
        "d3-dsv": "1",
        "xmlhttprequest": "1"
      }
    },
    "node_modules/d3-scale": {
      "version": "1.0.6",
      "resolved": "https://registry.npmjs.org/d3-scale/-/d3-scale-1.0.6.tgz",
      "integrity": "sha512-0vI2BkXJGLvMsLYfr49yZiegLe4MhsqOLRoDzV03Pc/Y5EkutKWmMg6abyG3PpSXCL5OzUJo3+KforHKEiOzyw==",
      "dependencies": {
        "d3-array": "^1.2.0",
        "d3-collection": "1",
        "d3-color": "1",
        "d3-format": "1",
        "d3-interpolate": "1",
        "d3-time": "1",
        "d3-time-format": "2"
      }
    },
    "node_modules/d3-selection": {
      "version": "1.1.0",
      "resolved": "https://registry.npmjs.org/d3-selection/-/d3-selection-1.1.0.tgz",
      "integrity": "sha512-WRNvCFiGnn+M/r6X5+NmEm6VeJMj2xmGimH3SVF91pj9wYj/50ldIBSUBYmogjFcB3jySWFjgPeRl4lviUyuvQ=="
    },
    "node_modules/d3-shape": {
      "version": "1.2.0",
      "resolved": "https://registry.npmjs.org/d3-shape/-/d3-shape-1.2.0.tgz",
      "integrity": "sha512-LP48zJ9ykPKjCdd0vSu5k2l4s8v1vI6vvdDeJtmgtTa+L6Ery0lzvOaV7pMunFuLv11hwSRZQnSnlhFl801aiw==",
      "dependencies": {
        "d3-path": "1"
      }
    },
    "node_modules/d3-time": {
      "version": "1.0.7",
      "resolved": "https://registry.npmjs.org/d3-time/-/d3-time-1.0.7.tgz",
      "integrity": "sha512-mq+DcUQ57TjeFAOvbu0f6ycFcT2V0qfwCGJweL8/N1PPooruwpcqUJB1uewpnkixpT+eYx3vVh/LV97LI3AHGw=="
    },
    "node_modules/d3-time-format": {
      "version": "2.0.5",
      "resolved": "https://registry.npmjs.org/d3-time-format/-/d3-time-format-2.0.5.tgz",
      "integrity": "sha512-GeI9vaBqOVw1EPwIfbJQQxwOTK/xyvxBB5hv4Kxfj0sD04hj/GBYpYuj79+eFzlazgBbKsaZFS2E1isqR3PiTg==",
      "dependencies": {
        "d3-time": "1"
      }
    },
    "node_modules/d3-timer": {
      "version": "1.0.7",
      "resolved": "https://registry.npmjs.org/d3-timer/-/d3-timer-1.0.7.tgz",
      "integrity": "sha512-vMZXR88XujmG/L5oB96NNKH5lCWwiLM/S2HyyAQLcjWJCloK5shxta4CwOFYLZoY3AWX73v8Lgv4cCAdWtRmOA=="
    },
    "node_modules/d3-transition": {
      "version": "1.1.0",
      "resolved": "https://registry.npmjs.org/d3-transition/-/d3-transition-1.1.0.tgz",
      "integrity": "sha512-ALRQj7bWk36Q6gwXQ+oSI5K1X70D8XAx+sMxXymiUXTTY2dBcvRj43Ell7BxM9WqwxvA5y4IKTrnRrpsoWqixA==",
      "dependencies": {
        "d3-color": "1",
        "d3-dispatch": "1",
        "d3-ease": "1",
        "d3-interpolate": "1",
        "d3-selection": "^1.1.0",
        "d3-timer": "1"
      }
    },
    "node_modules/d3-voronoi": {
      "version": "1.1.2",
      "resolved": "https://registry.npmjs.org/d3-voronoi/-/d3-voronoi-1.1.2.tgz",
      "integrity": "sha512-RhGS1u2vavcO7ay7ZNAPo4xeDh/VYeGof3x5ZLJBQgYhLegxr3s5IykvWmJ94FTU6mcbtp4sloqZ54mP6R4Utw=="
    },
    "node_modules/d3-zoom": {
      "version": "1.6.0",
      "resolved": "https://registry.npmjs.org/d3-zoom/-/d3-zoom-1.6.0.tgz",
      "integrity": "sha512-viq+6rXA9JQY1wD+gpDEdlOtCeJ6IfcsNT2aVr31VTjIAIhYlO0YurQ80yDRZeMJw5P/e6nVPhGJF9D9Ade5Og==",
      "dependencies": {
        "d3-dispatch": "1",
        "d3-drag": "1",
        "d3-interpolate": "1",
        "d3-selection": "1",
        "d3-transition": "1"
      }
    },
    "node_modules/flow-bin": {
      "version": "0.57.2",
      "resolved": "https://registry.npmjs.org/flow-bin/-/flow-bin-0.57.2.tgz",
      "integrity": "sha512-JkKQPnaQf8Q9EraZBjVanX5nDGoGIwrCpW/0FKh03x+PsjFCHHzw5CXMuaHdgGphYwhpQlaaobnCOmRTy+8m6g==",
      "dev": true,
      "bin": {
        "flow": "cli.js"
      },
      "engines": {
        "node": ">=0.10.0"
      }
    },
    "node_modules/graceful-fs": {
      "version": "4.2.11",
      "resolved": "https://registry.npmjs.org/graceful-fs/-/graceful-fs-4.2.11.tgz",
      "integrity": "sha512-RbJ5/jmFcNNCcDV5o9eTnBLJ/HszWV0P73bc+Ff4nS/rJj+YaS6IGyiOL0VoBYX+l1Wrl3k63h/KrH+nhJ0XvQ=="
    },
    "node_modules/iconv-lite": {
      "version": "0.4.19",
      "resolved": "https://registry.npmjs.org/iconv-lite/-/iconv-lite-0.4.19.tgz",
      "integrity": "sha512-oTZqweIP51xaGPI4uPa56/Pri/480R+mo7SeU+YETByQNhDG55ycFyNLIgta9vXhILrxXDmF7ZGhqZIcuN0gJQ==",
      "engines": {
        "node": ">=0.10.0"
      }
    },
    "node_modules/loose-envify": {
      "version": "1.3.1",
      "resolved": "https://registry.npmjs.org/loose-envify/-/loose-envify-1.3.1.tgz",
      "integrity": "sha512-iG/U770U9HaHmy0u+fSyxSIclZ3d9WPFtGjV2drWW0SthBnQ1Fa/SCKIaGLAVwYzrBGEPx9gen047er+MCUgnQ==",
      "dependencies": {
        "js-tokens": "^3.0.0"
      },
      "bin": {
        "loose-envify": "cli.js"
      }
    },
    "node_modules/loose-envify/node_modules/js-tokens": {
      "version": "3.0.2",
      "resolved": "https://registry.npmjs.org/js-tokens/-/js-tokens-3.0.2.tgz",
      "integrity": "sha512-RjTcuD4xjtthQkaWH7dFlH85L+QaVtSoOyGdZ3g6HFhS9dFNDfLyqgm2NFe2X6cQpeFmt0452FJjFG5UameExg=="
    },
    "node_modules/nanoid": {
      "version": "3.3.7",
      "resolved": "https://registry.npmjs.org/nanoid/-/nanoid-3.3.7.tgz",
      "integrity": "sha512-eSRppjcPIatRIMC1U6UngP8XFcz8MQWGQdt1MTBQ7NaAmvXDfvNxbvWV3x2y6CdEUciCSsDHDQZbhYaB8QEo2g==",
      "funding": [
        {
          "type": "github",
          "url": "https://github.com/sponsors/ai"
        }
      ],
      "bin": {
        "nanoid": "bin/nanoid.cjs"
      },
      "engines": {
        "node": "^10 || ^12 || ^13.7 || ^14 || >=15.0.1"
      }
    },
    "node_modules/next": {
      "version": "14.2.13",
      "resolved": "https://registry.npmjs.org/next/-/next-14.2.13.tgz",
      "integrity": "sha512-BseY9YNw8QJSwLYD7hlZzl6QVDoSFHL/URN5K64kVEVpCsSOWeyjbIGK+dZUaRViHTaMQX8aqmnn0PHBbGZezg==",
      "dependencies": {
        "@next/env": "14.2.13",
        "@swc/helpers": "0.5.5",
        "busboy": "1.6.0",
        "caniuse-lite": "^1.0.30001579",
        "graceful-fs": "^4.2.11",
        "postcss": "8.4.31",
        "styled-jsx": "5.1.1"
      },
      "bin": {
        "next": "dist/bin/next"
      },
      "engines": {
        "node": ">=18.17.0"
      },
      "optionalDependencies": {
        "@next/swc-darwin-arm64": "14.2.13",
        "@next/swc-darwin-x64": "14.2.13",
        "@next/swc-linux-arm64-gnu": "14.2.13",
        "@next/swc-linux-arm64-musl": "14.2.13",
        "@next/swc-linux-x64-gnu": "14.2.13",
        "@next/swc-linux-x64-musl": "14.2.13",
        "@next/swc-win32-arm64-msvc": "14.2.13",
        "@next/swc-win32-ia32-msvc": "14.2.13",
        "@next/swc-win32-x64-msvc": "14.2.13"
      },
      "peerDependencies": {
        "@opentelemetry/api": "^1.1.0",
        "@playwright/test": "^1.41.2",
        "react": "^18.2.0",
        "react-dom": "^18.2.0",
        "sass": "^1.3.0"
      },
      "peerDependenciesMeta": {
        "@opentelemetry/api": {
          "optional": true
        },
        "@playwright/test": {
          "optional": true
        },
        "sass": {
          "optional": true
        }
      }
    },
    "node_modules/picocolors": {
      "version": "1.1.0",
      "resolved": "https://registry.npmjs.org/picocolors/-/picocolors-1.1.0.tgz",
      "integrity": "sha512-TQ92mBOW0l3LeMeyLV6mzy/kWr8lkd/hp3mTg7wYK7zJhuBStmGMBG0BdeDZS/dZx1IukaX6Bk11zcln25o1Aw=="
    },
    "node_modules/postcss": {
      "version": "8.4.31",
      "resolved": "https://registry.npmjs.org/postcss/-/postcss-8.4.31.tgz",
      "integrity": "sha512-PS08Iboia9mts/2ygV3eLpY5ghnUcfLV/EXTOW1E2qYxJKGGBUtNjN76FYHnMs36RmARn41bC0AZmn+rR0OVpQ==",
      "funding": [
        {
          "type": "opencollective",
          "url": "https://opencollective.com/postcss/"
        },
        {
          "type": "tidelift",
          "url": "https://tidelift.com/funding/github/npm/postcss"
        },
        {
          "type": "github",
          "url": "https://github.com/sponsors/ai"
        }
      ],
      "dependencies": {
        "nanoid": "^3.3.6",
        "picocolors": "^1.0.0",
        "source-map-js": "^1.0.2"
      },
      "engines": {
        "node": "^10 || ^12 || >=14"
      }
    },
    "node_modules/react": {
      "version": "18.3.1",
      "resolved": "https://registry.npmjs.org/react/-/react-18.3.1.tgz",
      "integrity": "sha512-wS+hAgJShR0KhEvPJArfuPVN1+Hz1t0Y6n5jLrGQbkb4urgPE/0Rve+1kMB1v/oWgHgm4WIcV+i7F2pTVj+2iQ==",
      "dependencies": {
        "loose-envify": "^1.1.0"
      },
      "engines": {
        "node": ">=0.10.0"
      }
    },
    "node_modules/react-dom": {
      "version": "18.3.1",
      "resolved": "https://registry.npmjs.org/react-dom/-/react-dom-18.3.1.tgz",
      "integrity": "sha512-5m4nQKp+rZRb09LNH59GM4BxTh9251/ylbKIbpe7TpGxfJ+9kv6BLkLBXIjjspbgbnIBNqlI23tRnTWT0snUIw==",
      "dependencies": {
        "loose-envify": "^1.1.0",
        "scheduler": "^0.23.2"
      },
      "peerDependencies": {
        "react": "^18.3.1"
      }
    },
    "node_modules/rw": {
      "version": "1.3.3",
      "resolved": "https://registry.npmjs.org/rw/-/rw-1.3.3.tgz",
      "integrity": "sha512-PdhdWy89SiZogBLaw42zdeqtRJ//zFd2PgQavcICDUgJT5oW10QCRKbJ6bg4r0/UY2M6BWd5tkxuGFRvCkgfHQ=="
    },
    "node_modules/scheduler": {
      "version": "0.23.2",
      "resolved": "https://registry.npmjs.org/scheduler/-/scheduler-0.23.2.tgz",
      "integrity": "sha512-UOShsPwz7NrMUqhR6t0hWjFduvOzbtv7toDH1/hIrfRNIDBnnBWd0CwJTGvTpngVlmwGCdP9/Zl/tVrDqcuYzQ==",
      "dependencies": {
        "loose-envify": "^1.1.0"
      }
    },
    "node_modules/source-map-js": {
      "version": "1.2.1",
      "resolved": "https://registry.npmjs.org/source-map-js/-/source-map-js-1.2.1.tgz",
      "integrity": "sha512-UXWMKhLOwVKb728IUtQPXxfYU+usdybtUrK/8uGE8CQMvrhOpwvzDBwj0QhSL7MQc7vIsISBG8VQ8+IDQxpfQA==",
      "engines": {
        "node": ">=0.10.0"
      }
    },
    "node_modules/streamsearch": {
      "version": "1.1.0",
      "resolved": "https://registry.npmjs.org/streamsearch/-/streamsearch-1.1.0.tgz",
      "integrity": "sha512-Mcc5wHehp9aXz1ax6bZUyY5afg9u2rv5cqQI3mRrYkGC8rW2hM02jWuwjtL++LS5qinSyhj2QfLyNsuc+VsExg==",
      "engines": {
        "node": ">=10.0.0"
      }
    },
    "node_modules/styled-jsx": {
      "version": "5.1.1",
      "resolved": "https://registry.npmjs.org/styled-jsx/-/styled-jsx-5.1.1.tgz",
      "integrity": "sha512-pW7uC1l4mBZ8ugbiZrcIsiIvVx1UmTfw7UkC3Um2tmfUq9Bhk8IiyEIPl6F8agHgjzku6j0xQEZbfA5uSgSaCw==",
      "dependencies": {
        "client-only": "0.0.1"
      },
      "engines": {
        "node": ">= 12.0.0"
      },
      "peerDependencies": {
        "react": ">= 16.8.0 || 17.x.x || ^18.0.0-0"
      },
      "peerDependenciesMeta": {
        "@babel/core": {
          "optional": true
        },
        "babel-plugin-macros": {
          "optional": true
        }
      }
    },
    "node_modules/tslib": {
      "version": "2.7.0",
      "resolved": "https://registry.npmjs.org/tslib/-/tslib-2.7.0.tgz",
      "integrity": "sha512-gLXCKdN1/j47AiHiOkJN69hJmcbGTHI0ImLmbYLHykhgeN0jVGola9yVjFgzCUklsZQMW55o+dW7IXv3RCXDzA=="
    },
    "node_modules/typescript": {
      "version": "5.6.2",
      "resolved": "https://registry.npmjs.org/typescript/-/typescript-5.6.2.tgz",
      "integrity": "sha512-NW8ByodCSNCwZeghjN3o+JX5OFH0Ojg6sadjEKY4huZ52TqbJTJnDo5+Tw98lSy63NZvi4n+ez5m2u5d4PkZyw==",
      "bin": {
        "tsc": "bin/tsc",
        "tsserver": "bin/tsserver"
      },
      "engines": {
        "node": ">=14.17"
      }
    },
    "node_modules/undici-types": {
      "version": "6.19.8",
      "resolved": "https://registry.npmjs.org/undici-types/-/undici-types-6.19.8.tgz",
      "integrity": "sha512-ve2KP6f/JnbPBFyobGHuerC9g1FYGn/F8n1LWTwNxCEzd6IfqTwUQcNXgEtmmQ6DlRrC1hrSrBnCZPokRrDHjw=="
    },
    "node_modules/xmlhttprequest": {
      "version": "1.8.0",
      "resolved": "https://registry.npmjs.org/xmlhttprequest/-/xmlhttprequest-1.8.0.tgz",
      "integrity": "sha512-58Im/U0mlVBLM38NdZjHyhuMtCqa61469k2YP/AaPbvCoV9aQGUpbJBj1QRm2ytRiVQBD/fsw7L2bJGDVQswBA==",
      "engines": {
        "node": ">=0.4.0"
      }
    }
  }
}
